
Microsoft Visual Studio Solution File, Format Version 12.00
# Visual Studio 2012
Project("{FAE04EC0-301F-11D3-BF4B-00C04F79EFBC}") = "SharpCopier", "SharpCopier\SharpCopier.csproj", "{083D2957-712F-45C3-9E31-493D3C5F2F35}"
EndProject
Project("{FAE04EC0-301F-11D3-BF4B-00C04F79EFBC}") = "SharpCopier.Common", "SharpCopier.Common\SharpCopier.Common.csproj", "{798CD925-6F92-4F91-BE41-6D25D0A4A18F}"
EndProject
Global
	GlobalSection(SolutionConfigurationPlatforms) = preSolution
		Debug|Any CPU = Debug|Any CPU
		Release|Any CPU = Release|Any CPU
	EndGlobalSection
	GlobalSection(ProjectConfigurationPlatforms) = postSolution
		{083D2957-712F-45C3-9E31-493D3C5F2F35}.Debug|Any CPU.ActiveCfg = Debug|Any CPU
		{083D2957-712F-45C3-9E31-493D3C5F2F35}.Debug|Any CPU.Build.0 = Debug|Any CPU
		{083D2957-712F-45C3-9E31-493D3C5F2F35}.Release|Any CPU.ActiveCfg = Release|Any CPU
		{083D2957-712F-45C3-9E31-493D3C5F2F35}.Release|Any CPU.Build.0 = Release|Any CPU
		{798CD925-6F92-4F91-BE41-6D25D0A4A18F}.Debug|Any CPU.ActiveCfg = Debug|Any CPU
		{798CD925-6F92-4F91-BE41-6D25D0A4A18F}.Debug|Any CPU.Build.0 = Debug|Any CPU
		{798CD925-6F92-4F91-BE41-6D25D0A4A18F}.Release|Any CPU.ActiveCfg = Release|Any CPU
		{798CD925-6F92-4F91-BE41-6D25D0A4A18F}.Release|Any CPU.Build.0 = Release|Any CPU
	EndGlobalSection
	GlobalSection(SolutionProperties) = preSolution
		HideSolutionNode = FALSE
	EndGlobalSection
EndGlobal
